
Microsoft Visual Studio Solution File, Format Version 12.00
# Visual Studio Version 17
VisualStudioVersion = 17.14.36127.28
MinimumVisualStudioVersion = 10.0.40219.1
Project("{8BC9CEB8-8B4A-11D0-8D11-00A0C91BC942}") = "Watermarking-Impl", "Watermarking-Impl\Watermarking-Impl.vcxproj", "{C5147F67-DEB5-53D1-0721-708C83F1FD9E}"
EndProject
Project("{8BC9CEB8-8B4A-11D0-8D11-00A0C91BC942}") = "Watermarking-Generate", "Watermarking-Generate\Watermarking-Generate.vcxproj", "{E9678649-A268-4D5D-AA94-B4A3C5D2A90D}"
EndProject
Global
	GlobalSection(SolutionConfigurationPlatforms) = preSolution
		CUDA_Debug|x64 = CUDA_Debug|x64
		CUDA_Release|x64 = CUDA_Release|x64
		EIGEN_Debug|x64 = EIGEN_Debug|x64
		EIGEN_Release|x64 = EIGEN_Release|x64
		OPENCL_Release|x64 = OPENCL_Release|x64
	EndGlobalSection
	GlobalSection(ProjectConfigurationPlatforms) = postSolution
		{C5147F67-DEB5-53D1-0721-708C83F1FD9E}.CUDA_Debug|x64.ActiveCfg = CUDA_Debug|x64
		{C5147F67-DEB5-53D1-0721-708C83F1FD9E}.CUDA_Debug|x64.Build.0 = CUDA_Debug|x64
		{C5147F67-DEB5-53D1-0721-708C83F1FD9E}.CUDA_Release|x64.ActiveCfg = CUDA_Release|x64
		{C5147F67-DEB5-53D1-0721-708C83F1FD9E}.CUDA_Release|x64.Build.0 = CUDA_Release|x64
		{C5147F67-DEB5-53D1-0721-708C83F1FD9E}.EIGEN_Debug|x64.ActiveCfg = EIGEN_Debug|x64
		{C5147F67-DEB5-53D1-0721-708C83F1FD9E}.EIGEN_Debug|x64.Build.0 = EIGEN_Debug|x64
		{C5147F67-DEB5-53D1-0721-708C83F1FD9E}.EIGEN_Release|x64.ActiveCfg = EIGEN_Release|x64
		{C5147F67-DEB5-53D1-0721-708C83F1FD9E}.EIGEN_Release|x64.Build.0 = EIGEN_Release|x64
		{C5147F67-DEB5-53D1-0721-708C83F1FD9E}.OPENCL_Release|x64.ActiveCfg = OPENCL_Release|x64
		{C5147F67-DEB5-53D1-0721-708C83F1FD9E}.OPENCL_Release|x64.Build.0 = OPENCL_Release|x64
		{E9678649-A268-4D5D-AA94-B4A3C5D2A90D}.CUDA_Debug|x64.ActiveCfg = Debug|x64
		{E9678649-A268-4D5D-AA94-B4A3C5D2A90D}.CUDA_Debug|x64.Build.0 = Debug|x64
		{E9678649-A268-4D5D-AA94-B4A3C5D2A90D}.CUDA_Release|x64.ActiveCfg = Release|x64
		{E9678649-A268-4D5D-AA94-B4A3C5D2A90D}.CUDA_Release|x64.Build.0 = Release|x64
		{E9678649-A268-4D5D-AA94-B4A3C5D2A90D}.EIGEN_Debug|x64.ActiveCfg = Debug|x64
		{E9678649-A268-4D5D-AA94-B4A3C5D2A90D}.EIGEN_Debug|x64.Build.0 = Debug|x64
		{E9678649-A268-4D5D-AA94-B4A3C5D2A90D}.EIGEN_Release|x64.ActiveCfg = Release|x64
		{E9678649-A268-4D5D-AA94-B4A3C5D2A90D}.EIGEN_Release|x64.Build.0 = Release|x64
		{E9678649-A268-4D5D-AA94-B4A3C5D2A90D}.OPENCL_Release|x64.ActiveCfg = Release|x64
		{E9678649-A268-4D5D-AA94-B4A3C5D2A90D}.OPENCL_Release|x64.Build.0 = Release|x64
	EndGlobalSection
	GlobalSection(SolutionProperties) = preSolution
		HideSolutionNode = FALSE
	EndGlobalSection
	GlobalSection(ExtensibilityGlobals) = postSolution
		SolutionGuid = {25271C9A-C69D-44D5-8748-FFF7943B0072}
	EndGlobalSection
EndGlobal
