<?xml version="1.0" encoding="utf-8"?>
<Project ToolsVersion="Current" xmlns="http://schemas.microsoft.com/developer/msbuild/2003">
  <ItemGroup>
    <ClCompile Include="test_eigen.cpp">
      <Filter>Source Files</Filter>
    </ClCompile>
    <ClCompile Include="test_gpu.cpp">
      <Filter>Source Files</Filter>
    </ClCompile>
  </ItemGroup>
  <ItemGroup>
    <Filter Include="Source Files">
      <UniqueIdentifier>{1e98e481-209c-4c3d-acf9-e13aa36d48ae}</UniqueIdentifier>
    </Filter>
    <Filter Include="Header Files">
      <UniqueIdentifier>{9855bb82-b175-49d5-afbc-fe8d411d0cdf}</UniqueIdentifier>
    </Filter>
  </ItemGroup>
  <ItemGroup>
    <ClInclude Include="FileDeleter.h">
      <Filter>Header Files</Filter>
    </ClInclude>
    <ClInclude Include="MaskDiskConfig.h">
      <Filter>Header Files</Filter>
    </ClInclude>
  </ItemGroup>
</Project>